
Microsoft Visual Studio Solution File, Format Version 12.00
# Visual Studio Version 17
VisualStudioVersion = 17.10.35004.147
MinimumVisualStudioVersion = 10.0.40219.1
Project("{FAE04EC0-301F-11D3-BF4B-00C04F79EFBC}") = "01_Medium_A_Different_Problem", "01_Medium_A_Different_Problem\01_Medium_A_Different_Problem.csproj", "{1ED0FD6D-FC9C-4BB6-9E00-FA4BFEE180AD}"
EndProject
Global
	GlobalSection(SolutionConfigurationPlatforms) = preSolution
		Debug|Any CPU = Debug|Any CPU
		Release|Any CPU = Release|Any CPU
	EndGlobalSection
	GlobalSection(ProjectConfigurationPlatforms) = postSolution
		{1ED0FD6D-FC9C-4BB6-9E00-FA4BFEE180AD}.Debug|Any CPU.ActiveCfg = Debug|Any CPU
		{1ED0FD6D-FC9C-4BB6-9E00-FA4BFEE180AD}.Debug|Any CPU.Build.0 = Debug|Any CPU
		{1ED0FD6D-FC9C-4BB6-9E00-FA4BFEE180AD}.Release|Any CPU.ActiveCfg = Release|Any CPU
		{1ED0FD6D-FC9C-4BB6-9E00-FA4BFEE180AD}.Release|Any CPU.Build.0 = Release|Any CPU
	EndGlobalSection
	GlobalSection(SolutionProperties) = preSolution
		HideSolutionNode = FALSE
	EndGlobalSection
	GlobalSection(ExtensibilityGlobals) = postSolution
		SolutionGuid = {7DCD6DE4-046B-4876-A339-9A374DA57DCB}
	EndGlobalSection
EndGlobal
