
Microsoft Visual Studio Solution File, Format Version 12.00
# Visual Studio Version 17
VisualStudioVersion = 17.10.35004.147
MinimumVisualStudioVersion = 10.0.40219.1
Project("{9A19103F-16F7-4668-BE54-9A1E7A4F7556}") = "01_Medium_A_Different_Problem", "01_Medium_A_Different_Problem\01_Medium_A_Different_Problem.csproj", "{1ED0FD6D-FC9C-4BB6-9E00-FA4BFEE180AD}"
EndProject
Project("{9A19103F-16F7-4668-BE54-9A1E7A4F7556}") = "02_Medium_University_Zoning", "02_Medium_University_Zoning\02_Medium_University_Zoning.csproj", "{3779E86E-F5D6-4647-9772-7F5356CE2DE0}"
EndProject
Project("{9A19103F-16F7-4668-BE54-9A1E7A4F7556}") = "03_Medium_Single_Source_Shortest_Path", "03_Medium_Single_Source_Shortest_Path\03_Medium_Single_Source_Shortest_Path.csproj", "{574907A3-568A-433C-99B5-359FAFE7B5B2}"
EndProject
Project("{9A19103F-16F7-4668-BE54-9A1E7A4F7556}") = "04_Medium_The_Uxuhul_Voting_System", "04_Medium_The_Uxuhul_Voting_System\04_Medium_The_Uxuhul_Voting_System.csproj", "{8CAE33EA-E64F-4AAC-B998-7F7449F6BBC3}"
EndProject
Project("{9A19103F-16F7-4668-BE54-9A1E7A4F7556}") = "05_Medium_Guessing_Game", "05_Medium_Guessing_Game\05_Medium_Guessing_Game.csproj", "{378A44DD-14E9-40D5-A8A3-D84D7D4C6E65}"
EndProject
Project("{9A19103F-16F7-4668-BE54-9A1E7A4F7556}") = "06_Medium_Jackpot", "06_Medium_Jackpot\06_Medium_Jackpot.csproj", "{C2CC6C65-0438-41BD-BCE3-0FA0591BF1B8}"
EndProject
Project("{9A19103F-16F7-4668-BE54-9A1E7A4F7556}") = "07_Medium_Rational_Arithmetic", "07_Medium_Rational_Arithmetic\07_Medium_Rational_Arithmetic.csproj", "{8ECC20F3-1B78-4415-B595-44AEF607147E}"
EndProject
Project("{9A19103F-16F7-4668-BE54-9A1E7A4F7556}") = "08_Medium_Knights_In_Fen", "08_Medium_Knights_In_Fen\08_Medium_Knights_In_Fen.csproj", "{30D614ED-6397-441F-AF36-2F650F3B8C14}"
EndProject
Project("{9A19103F-16F7-4668-BE54-9A1E7A4F7556}") = "09_Medium_Bungee_Builder", "09_Medium_Bungee_Builder\09_Medium_Bungee_Builder.csproj", "{E0C8070E-2A24-4A2E-84B2-B611E647C6D5}"
EndProject
Project("{9A19103F-16F7-4668-BE54-9A1E7A4F7556}") = "10_Medium_Killing_Alines_In_A_Borg_Maze", "10_Medium_Killing_Alines_In_A_Borg_Maze\10_Medium_Killing_Alines_In_A_Borg_Maze.csproj", "{C97445DE-98F2-4C53-AD7A-1C581599B824}"
EndProject
Project("{FAE04EC0-301F-11D3-BF4B-00C04F79EFBC}") = "11_Medium_Teque", "11_Medium_Teque\11_Medium_Teque.csproj", "{08DE4BC3-AA59-49A6-9912-1B2D8DD41956}"
EndProject
Global
	GlobalSection(SolutionConfigurationPlatforms) = preSolution
		Debug|Any CPU = Debug|Any CPU
		Release|Any CPU = Release|Any CPU
	EndGlobalSection
	GlobalSection(ProjectConfigurationPlatforms) = postSolution
		{1ED0FD6D-FC9C-4BB6-9E00-FA4BFEE180AD}.Debug|Any CPU.ActiveCfg = Debug|Any CPU
		{1ED0FD6D-FC9C-4BB6-9E00-FA4BFEE180AD}.Debug|Any CPU.Build.0 = Debug|Any CPU
		{1ED0FD6D-FC9C-4BB6-9E00-FA4BFEE180AD}.Release|Any CPU.ActiveCfg = Release|Any CPU
		{1ED0FD6D-FC9C-4BB6-9E00-FA4BFEE180AD}.Release|Any CPU.Build.0 = Release|Any CPU
		{3779E86E-F5D6-4647-9772-7F5356CE2DE0}.Debug|Any CPU.ActiveCfg = Debug|Any CPU
		{3779E86E-F5D6-4647-9772-7F5356CE2DE0}.Debug|Any CPU.Build.0 = Debug|Any CPU
		{3779E86E-F5D6-4647-9772-7F5356CE2DE0}.Release|Any CPU.ActiveCfg = Release|Any CPU
		{3779E86E-F5D6-4647-9772-7F5356CE2DE0}.Release|Any CPU.Build.0 = Release|Any CPU
		{574907A3-568A-433C-99B5-359FAFE7B5B2}.Debug|Any CPU.ActiveCfg = Debug|Any CPU
		{574907A3-568A-433C-99B5-359FAFE7B5B2}.Debug|Any CPU.Build.0 = Debug|Any CPU
		{574907A3-568A-433C-99B5-359FAFE7B5B2}.Release|Any CPU.ActiveCfg = Release|Any CPU
		{574907A3-568A-433C-99B5-359FAFE7B5B2}.Release|Any CPU.Build.0 = Release|Any CPU
		{8CAE33EA-E64F-4AAC-B998-7F7449F6BBC3}.Debug|Any CPU.ActiveCfg = Debug|Any CPU
		{8CAE33EA-E64F-4AAC-B998-7F7449F6BBC3}.Debug|Any CPU.Build.0 = Debug|Any CPU
		{8CAE33EA-E64F-4AAC-B998-7F7449F6BBC3}.Release|Any CPU.ActiveCfg = Release|Any CPU
		{8CAE33EA-E64F-4AAC-B998-7F7449F6BBC3}.Release|Any CPU.Build.0 = Release|Any CPU
		{378A44DD-14E9-40D5-A8A3-D84D7D4C6E65}.Debug|Any CPU.ActiveCfg = Debug|Any CPU
		{378A44DD-14E9-40D5-A8A3-D84D7D4C6E65}.Debug|Any CPU.Build.0 = Debug|Any CPU
		{378A44DD-14E9-40D5-A8A3-D84D7D4C6E65}.Release|Any CPU.ActiveCfg = Release|Any CPU
		{378A44DD-14E9-40D5-A8A3-D84D7D4C6E65}.Release|Any CPU.Build.0 = Release|Any CPU
		{C2CC6C65-0438-41BD-BCE3-0FA0591BF1B8}.Debug|Any CPU.ActiveCfg = Debug|Any CPU
		{C2CC6C65-0438-41BD-BCE3-0FA0591BF1B8}.Debug|Any CPU.Build.0 = Debug|Any CPU
		{C2CC6C65-0438-41BD-BCE3-0FA0591BF1B8}.Release|Any CPU.ActiveCfg = Release|Any CPU
		{C2CC6C65-0438-41BD-BCE3-0FA0591BF1B8}.Release|Any CPU.Build.0 = Release|Any CPU
		{8ECC20F3-1B78-4415-B595-44AEF607147E}.Debug|Any CPU.ActiveCfg = Debug|Any CPU
		{8ECC20F3-1B78-4415-B595-44AEF607147E}.Debug|Any CPU.Build.0 = Debug|Any CPU
		{8ECC20F3-1B78-4415-B595-44AEF607147E}.Release|Any CPU.ActiveCfg = Release|Any CPU
		{8ECC20F3-1B78-4415-B595-44AEF607147E}.Release|Any CPU.Build.0 = Release|Any CPU
		{30D614ED-6397-441F-AF36-2F650F3B8C14}.Debug|Any CPU.ActiveCfg = Debug|Any CPU
		{30D614ED-6397-441F-AF36-2F650F3B8C14}.Debug|Any CPU.Build.0 = Debug|Any CPU
		{30D614ED-6397-441F-AF36-2F650F3B8C14}.Release|Any CPU.ActiveCfg = Release|Any CPU
		{30D614ED-6397-441F-AF36-2F650F3B8C14}.Release|Any CPU.Build.0 = Release|Any CPU
		{E0C8070E-2A24-4A2E-84B2-B611E647C6D5}.Debug|Any CPU.ActiveCfg = Debug|Any CPU
		{E0C8070E-2A24-4A2E-84B2-B611E647C6D5}.Debug|Any CPU.Build.0 = Debug|Any CPU
		{E0C8070E-2A24-4A2E-84B2-B611E647C6D5}.Release|Any CPU.ActiveCfg = Release|Any CPU
		{E0C8070E-2A24-4A2E-84B2-B611E647C6D5}.Release|Any CPU.Build.0 = Release|Any CPU
		{C97445DE-98F2-4C53-AD7A-1C581599B824}.Debug|Any CPU.ActiveCfg = Debug|Any CPU
		{C97445DE-98F2-4C53-AD7A-1C581599B824}.Debug|Any CPU.Build.0 = Debug|Any CPU
		{C97445DE-98F2-4C53-AD7A-1C581599B824}.Release|Any CPU.ActiveCfg = Release|Any CPU
		{C97445DE-98F2-4C53-AD7A-1C581599B824}.Release|Any CPU.Build.0 = Release|Any CPU
		{08DE4BC3-AA59-49A6-9912-1B2D8DD41956}.Debug|Any CPU.ActiveCfg = Debug|Any CPU
		{08DE4BC3-AA59-49A6-9912-1B2D8DD41956}.Debug|Any CPU.Build.0 = Debug|Any CPU
		{08DE4BC3-AA59-49A6-9912-1B2D8DD41956}.Release|Any CPU.ActiveCfg = Release|Any CPU
		{08DE4BC3-AA59-49A6-9912-1B2D8DD41956}.Release|Any CPU.Build.0 = Release|Any CPU
	EndGlobalSection
	GlobalSection(SolutionProperties) = preSolution
		HideSolutionNode = FALSE
	EndGlobalSection
	GlobalSection(ExtensibilityGlobals) = postSolution
		SolutionGuid = {7DCD6DE4-046B-4876-A339-9A374DA57DCB}
	EndGlobalSection
EndGlobal
